<?xml version="1.0" encoding="utf-8"?>
<Project ToolsVersion="4.0" xmlns="http://schemas.microsoft.com/developer/msbuild/2003">
  <ItemGroup>
    <Filter Include="Source Files">
      <UniqueIdentifier>{4FC737F1-C7A5-4376-A066-2A32D752A2FF}</UniqueIdentifier>
      <Extensions>cpp;c;cc;cxx;c++;cppm;ixx;def;odl;idl;hpj;bat;asm;asmx</Extensions>
    </Filter>
    <Filter Include="Header Files">
      <UniqueIdentifier>{93995380-89BD-4b04-88EB-625FBE52EBFB}</UniqueIdentifier>
      <Extensions>h;hh;hpp;hxx;h++;hm;inl;inc;ipp;xsd</Extensions>
    </Filter>
    <Filter Include="Resource Files">
      <UniqueIdentifier>{67DA6AB6-F800-4c08-8B7A-83BB121AAD01}</UniqueIdentifier>
      <Extensions>rc;ico;cur;bmp;dlg;rc2;rct;bin;rgs;gif;jpg;jpeg;jpe;resx;tiff;tif;png;wav;mfcribbon-ms</Extensions>
    </Filter>
    <Filter Include="vfs">
      <UniqueIdentifier>{d9b96dea-3052-49b3-8cf5-b26ba60e90cb}</UniqueIdentifier>
    </Filter>
    <Filter Include="vfs\native">
      <UniqueIdentifier>{e604f6fd-75c4-4ee0-8a73-d3cb794157d9}</UniqueIdentifier>
    </Filter>
    <Filter Include="vfs\memory">
      <UniqueIdentifier>{b7e21462-59f6-40c5-9237-e6f6828f42be}</UniqueIdentifier>
    </Filter>
    <Filter Include="vfs\pack">
      <UniqueIdentifier>{616f762a-8bc2-430a-bdbb-ed7b7715553a}</UniqueIdentifier>
    </Filter>
  </ItemGroup>
  <ItemGroup>
    <ClCompile Include="main.cpp">
      <Filter>Source Files</Filter>
    </ClCompile>
    <ClCompile Include="vfs\VirtualFileSystem.cpp">
      <Filter>vfs</Filter>
    </ClCompile>
    <ClCompile Include="vfs\native\NativeFileSystem.cpp">
      <Filter>vfs\native</Filter>
    </ClCompile>
    <ClCompile Include="vfs\native\NativeFileStream.cpp">
      <Filter>vfs\native</Filter>
    </ClCompile>
    <ClCompile Include="vfs\Utils.cpp">
      <Filter>vfs</Filter>
    </ClCompile>
    <ClCompile Include="md5.cpp">
      <Filter>Source Files</Filter>
    </ClCompile>
    <ClCompile Include="vfs\memory\MemoryFileStream.cpp">
      <Filter>vfs\memory</Filter>
    </ClCompile>
    <ClCompile Include="vfs\memory\MemoryFileSystem.cpp">
      <Filter>vfs\memory</Filter>
    </ClCompile>
    <ClCompile Include="vfs\memory\MemoryData.cpp">
      <Filter>vfs\memory</Filter>
    </ClCompile>
    <ClCompile Include="vfs\pack\PackFileSystem.cpp">
      <Filter>vfs\pack</Filter>
    </ClCompile>
    <ClCompile Include="vfs\pack\PackUtils.cpp">
      <Filter>vfs\pack</Filter>
    </ClCompile>
    <ClCompile Include="vfs\pack\PackFileStream.cpp">
      <Filter>vfs\pack</Filter>
    </ClCompile>
  </ItemGroup>
  <ItemGroup>
    <ClInclude Include="vfs\VirtualFileSystem.h">
      <Filter>vfs</Filter>
    </ClInclude>
    <ClInclude Include="vfs\Common.h">
      <Filter>vfs</Filter>
    </ClInclude>
    <ClInclude Include="vfs\FileSystem.h">
      <Filter>vfs</Filter>
    </ClInclude>
    <ClInclude Include="vfs\FileStream.h">
      <Filter>vfs</Filter>
    </ClInclude>
    <ClInclude Include="vfs\native\NativeFileSystem.h">
      <Filter>vfs\native</Filter>
    </ClInclude>
    <ClInclude Include="vfs\native\NativeFileStream.h">
      <Filter>vfs\native</Filter>
    </ClInclude>
    <ClInclude Include="vfs\Utils.h">
      <Filter>vfs</Filter>
    </ClInclude>
    <ClInclude Include="md5.h">
      <Filter>Source Files</Filter>
    </ClInclude>
    <ClInclude Include="vfs\memory\MemoryFileSystem.h">
      <Filter>vfs\memory</Filter>
    </ClInclude>
    <ClInclude Include="vfs\memory\MemoryFileStream.h">
      <Filter>vfs\memory</Filter>
    </ClInclude>
    <ClInclude Include="vfs\memory\MemoryData.h">
      <Filter>vfs\memory</Filter>
    </ClInclude>
    <ClInclude Include="vfs\pack\PackFileSystem.h">
      <Filter>vfs\pack</Filter>
    </ClInclude>
    <ClInclude Include="vfs\pack\PackUtils.h">
      <Filter>vfs\pack</Filter>
    </ClInclude>
    <ClInclude Include="vfs\pack\PackFileStream.h">
      <Filter>vfs\pack</Filter>
    </ClInclude>
  </ItemGroup>
  <ItemGroup>
    <None Include="vfs\Utils.inl">
      <Filter>vfs</Filter>
    </None>
  </ItemGroup>
</Project>